
Microsoft Visual Studio Solution File, Format Version 12.00
# Visual Studio 15
VisualStudioVersion = 15.0.28307.1525
MinimumVisualStudioVersion = 10.0.40219.1
Project("{FAE04EC0-301F-11D3-BF4B-00C04F79EFBC}") = "Login", "WebApplication4\Login.csproj", "{3F04B026-DAD5-4C7F-9382-6C7CEFE3D8CB}"
EndProject
Global
	GlobalSection(SolutionConfigurationPlatforms) = preSolution
		Debug|Any CPU = Debug|Any CPU
		Release|Any CPU = Release|Any CPU
	EndGlobalSection
	GlobalSection(ProjectConfigurationPlatforms) = postSolution
		{3F04B026-DAD5-4C7F-9382-6C7CEFE3D8CB}.Debug|Any CPU.ActiveCfg = Debug|Any CPU
		{3F04B026-DAD5-4C7F-9382-6C7CEFE3D8CB}.Debug|Any CPU.Build.0 = Debug|Any CPU
		{3F04B026-DAD5-4C7F-9382-6C7CEFE3D8CB}.Release|Any CPU.ActiveCfg = Release|Any CPU
		{3F04B026-DAD5-4C7F-9382-6C7CEFE3D8CB}.Release|Any CPU.Build.0 = Release|Any CPU
	EndGlobalSection
	GlobalSection(SolutionProperties) = preSolution
		HideSolutionNode = FALSE
	EndGlobalSection
	GlobalSection(ExtensibilityGlobals) = postSolution
		SolutionGuid = {AA13F7CF-0A30-4217-AA13-210CA3A11B71}
	EndGlobalSection
EndGlobal
