
Microsoft Visual Studio Solution File, Format Version 12.00
# Visual Studio Version 16
VisualStudioVersion = 16.0.31402.337
MinimumVisualStudioVersion = 10.0.40219.1
Project("{FAE04EC0-301F-11D3-BF4B-00C04F79EFBC}") = "WebApplication1", "WebApplication1\WebApplication1.csproj", "{84C15E2C-91EC-416F-A616-7446BFE19333}"
EndProject
Global
	GlobalSection(SolutionConfigurationPlatforms) = preSolution
		Debug|Any CPU = Debug|Any CPU
		Release|Any CPU = Release|Any CPU
	EndGlobalSection
	GlobalSection(ProjectConfigurationPlatforms) = postSolution
		{84C15E2C-91EC-416F-A616-7446BFE19333}.Debug|Any CPU.ActiveCfg = Debug|Any CPU
		{84C15E2C-91EC-416F-A616-7446BFE19333}.Debug|Any CPU.Build.0 = Debug|Any CPU
		{84C15E2C-91EC-416F-A616-7446BFE19333}.Release|Any CPU.ActiveCfg = Release|Any CPU
		{84C15E2C-91EC-416F-A616-7446BFE19333}.Release|Any CPU.Build.0 = Release|Any CPU
	EndGlobalSection
	GlobalSection(SolutionProperties) = preSolution
		HideSolutionNode = FALSE
	EndGlobalSection
	GlobalSection(ExtensibilityGlobals) = postSolution
		SolutionGuid = {D13FCC43-6BDB-44A7-8FC9-F665DB2BAB56}
	EndGlobalSection
EndGlobal
