
Microsoft Visual Studio Solution File, Format Version 12.00
# Visual Studio 15
VisualStudioVersion = 15.0.28307.1525
MinimumVisualStudioVersion = 10.0.40219.1
Project("{FAE04EC0-301F-11D3-BF4B-00C04F79EFBC}") = "WebApplication3", "WebApplication3\WebApplication3.csproj", "{0416C361-6656-40AD-A254-1ADA6E41C04F}"
EndProject
Global
	GlobalSection(SolutionConfigurationPlatforms) = preSolution
		Debug|Any CPU = Debug|Any CPU
		Release|Any CPU = Release|Any CPU
	EndGlobalSection
	GlobalSection(ProjectConfigurationPlatforms) = postSolution
		{0416C361-6656-40AD-A254-1ADA6E41C04F}.Debug|Any CPU.ActiveCfg = Debug|Any CPU
		{0416C361-6656-40AD-A254-1ADA6E41C04F}.Debug|Any CPU.Build.0 = Debug|Any CPU
		{0416C361-6656-40AD-A254-1ADA6E41C04F}.Release|Any CPU.ActiveCfg = Release|Any CPU
		{0416C361-6656-40AD-A254-1ADA6E41C04F}.Release|Any CPU.Build.0 = Release|Any CPU
	EndGlobalSection
	GlobalSection(SolutionProperties) = preSolution
		HideSolutionNode = FALSE
	EndGlobalSection
	GlobalSection(ExtensibilityGlobals) = postSolution
		SolutionGuid = {B20578F1-EFAE-4411-A644-3E3F39840424}
	EndGlobalSection
EndGlobal
