
Microsoft Visual Studio Solution File, Format Version 12.00
# Visual Studio 15
VisualStudioVersion = 15.0.28307.1684
MinimumVisualStudioVersion = 10.0.40219.1
Project("{FAE04EC0-301F-11D3-BF4B-00C04F79EFBC}") = "TravelTour", "TravelTour\TravelTour.csproj", "{63F1B603-4397-46BC-9222-00D956237B6E}"
EndProject
Project("{FAE04EC0-301F-11D3-BF4B-00C04F79EFBC}") = "TravelTour.Tests", "TravelTour.Tests\TravelTour.Tests.csproj", "{F3E168F0-E303-441A-842F-BF8F0EBA7EA1}"
EndProject
Global
	GlobalSection(SolutionConfigurationPlatforms) = preSolution
		Debug|Any CPU = Debug|Any CPU
		Release|Any CPU = Release|Any CPU
	EndGlobalSection
	GlobalSection(ProjectConfigurationPlatforms) = postSolution
		{63F1B603-4397-46BC-9222-00D956237B6E}.Debug|Any CPU.ActiveCfg = Debug|Any CPU
		{63F1B603-4397-46BC-9222-00D956237B6E}.Debug|Any CPU.Build.0 = Debug|Any CPU
		{63F1B603-4397-46BC-9222-00D956237B6E}.Release|Any CPU.ActiveCfg = Release|Any CPU
		{63F1B603-4397-46BC-9222-00D956237B6E}.Release|Any CPU.Build.0 = Release|Any CPU
		{F3E168F0-E303-441A-842F-BF8F0EBA7EA1}.Debug|Any CPU.ActiveCfg = Debug|Any CPU
		{F3E168F0-E303-441A-842F-BF8F0EBA7EA1}.Debug|Any CPU.Build.0 = Debug|Any CPU
		{F3E168F0-E303-441A-842F-BF8F0EBA7EA1}.Release|Any CPU.ActiveCfg = Release|Any CPU
		{F3E168F0-E303-441A-842F-BF8F0EBA7EA1}.Release|Any CPU.Build.0 = Release|Any CPU
	EndGlobalSection
	GlobalSection(SolutionProperties) = preSolution
		HideSolutionNode = FALSE
	EndGlobalSection
	GlobalSection(ExtensibilityGlobals) = postSolution
		SolutionGuid = {257ECBAD-33C1-44B3-995F-9EAEC60A9442}
	EndGlobalSection
EndGlobal
