
Microsoft Visual Studio Solution File, Format Version 12.00
# Visual Studio 15
VisualStudioVersion = 15.0.28307.1525
MinimumVisualStudioVersion = 10.0.40219.1
Project("{FAE04EC0-301F-11D3-BF4B-00C04F79EFBC}") = "WebApplication9", "WebApplication9\WebApplication9.csproj", "{7EA82B42-5EB1-458F-82B7-2CEE02AE3154}"
EndProject
Global
	GlobalSection(SolutionConfigurationPlatforms) = preSolution
		Debug|Any CPU = Debug|Any CPU
		Release|Any CPU = Release|Any CPU
	EndGlobalSection
	GlobalSection(ProjectConfigurationPlatforms) = postSolution
		{7EA82B42-5EB1-458F-82B7-2CEE02AE3154}.Debug|Any CPU.ActiveCfg = Debug|Any CPU
		{7EA82B42-5EB1-458F-82B7-2CEE02AE3154}.Debug|Any CPU.Build.0 = Debug|Any CPU
		{7EA82B42-5EB1-458F-82B7-2CEE02AE3154}.Release|Any CPU.ActiveCfg = Release|Any CPU
		{7EA82B42-5EB1-458F-82B7-2CEE02AE3154}.Release|Any CPU.Build.0 = Release|Any CPU
	EndGlobalSection
	GlobalSection(SolutionProperties) = preSolution
		HideSolutionNode = FALSE
	EndGlobalSection
	GlobalSection(ExtensibilityGlobals) = postSolution
		SolutionGuid = {3E9D0EE5-AD07-4AA9-91F8-99BF07739387}
	EndGlobalSection
EndGlobal
